{
  "version": 4,
  "terraform_version": "0.12.20",
  "serial": 10,
  "lineage": "c8b11522-97a8-0e73-aa5f-dd165fe8ae87",
  "outputs": {},
  "resources": [
    {
      "mode": "managed",
      "type": "google_container_cluster",
      "name": "primary",
      "provider": "provider.google",
      "instances": [
        {
          "schema_version": 1,
          "attributes": {
            "additional_zones": [],
            "addons_config": [
              {
                "horizontal_pod_autoscaling": [],
                "http_load_balancing": [],
                "kubernetes_dashboard": [],
                "network_policy_config": [
                  {
                    "disabled": true
                  }
                ]
              }
            ],
            "authenticator_groups_config": [],
            "cluster_autoscaling": [
              {
                "auto_provisioning_defaults": [],
                "enabled": false,
                "resource_limits": []
              }
            ],
            "cluster_ipv4_cidr": "10.24.0.0/14",
            "default_max_pods_per_node": 110,
            "description": "",
            "enable_binary_authorization": false,
            "enable_intranode_visibility": null,
            "enable_kubernetes_alpha": false,
            "enable_legacy_abac": false,
            "enable_tpu": null,
            "endpoint": "35.187.167.23",
            "id": "projects/bachelor-2020/locations/europe-west1-b/clusters/tf-gke-cluster",
            "initial_node_count": 1,
            "instance_group_urls": [],
            "ip_allocation_policy": [],
            "location": "europe-west1-b",
            "logging_service": "logging.googleapis.com/kubernetes",
            "maintenance_policy": [],
            "master_auth": [
              {
                "client_certificate": "",
                "client_certificate_config": [
                  {
                    "issue_client_certificate": false
                  }
                ],
                "client_key": "",
                "cluster_ca_certificate": "LS0tLS1CRUdJTiBDRVJUSUZJQ0FURS0tLS0tCk1JSURDekNDQWZPZ0F3SUJBZ0lRUXBBbm14WXR0MENuenVZOTRtRkdjREFOQmdrcWhraUc5dzBCQVFzRkFEQXYKTVMwd0t3WURWUVFERXlSaFpESTBaalZsWmkweU1HVXlMVFJpWXpBdE9HUmtaaTAyWW1ZeU9HVTNPRFkxWm1NdwpIaGNOTWpBd01qRTVNRGt6TnpJM1doY05NalV3TWpFM01UQXpOekkzV2pBdk1TMHdLd1lEVlFRREV5UmhaREkwClpqVmxaaTB5TUdVeUxUUmlZekF0T0dSa1ppMDJZbVl5T0dVM09EWTFabU13Z2dFaU1BMEdDU3FHU0liM0RRRUIKQVFVQUE0SUJEd0F3Z2dFS0FvSUJBUUM1SmEyR2dIQ3l5MC9iV0NmWkFyUE1idGREdmY5Y1BYSWthZytxZ3c3cwpFMlE0c0tLeTNnZnNHL1BrVlVaNU5XWSsxcWs3MWdNUXI0bFFHQWo5Wk13dnJhQWdqKzIzSGxvWjlVMkV5UjRHCnkzSzV0S21VYnJOQUw5TWRuczAydWYwaVpxUkk0R3lnb1o4SGdXbG1LdGdPdTAvUHZocDJlOWdZL2xEQ0JaWSsKS25iSlUzNGQ5SytsYXkycGZOUmc5L0c2SnU4SE93dmhodGtSeGJzY2tTZ2Q1NUowZmVQam9QU3RPY1F3dFN3WAo3OWtNVnQyUW9hYnJJTnFIRFI2NFkrNzc5ZkIveE9PajBESmI1cE1KWVQ2WHkvazIrazY0dnpCNzhkMnVualUwCmdhVUpOaFd3SmZXMS80K1NuZjVlVUpoeDdPQklmRXFveCtCUG1mUUV1THU1QWdNQkFBR2pJekFoTUE0R0ExVWQKRHdFQi93UUVBd0lDQkRBUEJnTlZIUk1CQWY4RUJUQURBUUgvTUEwR0NTcUdTSWIzRFFFQkN3VUFBNElCQVFBZwo4TldBMSt0Rmdpd0tpZElVNEdLVHNrdk9YVERDQkRyV2FPRVAvVDJJSkkrUUpKQnNaYVIyZHl3ZlkvKzFQbFdECnEvWjhmQUZ6UmRoMUtKbXVYeGpWaS9uQmpvSDdXY3cvY2VOMFdsVlJlWWZ1eGtEMkJvWGpkeE5UZlA0MHJYQUwKVFBGL3dlK0lsSEVrejFOcDhQWnlhOEZoZ3lCZ3BqS1N3OXlSNGYxdGVjRFlmQ3ZsTXU4OVVHbDFObmNJRHFOeApyNlFIcmZkZWlHaWxIbzZoMURBbXZQWjd5YVhKakRudTkvYnltNll2amo5bHJYQlVZdTNNS2NoaVEwZXRDNEhzCnNVSk51QzRURzNaTkpoUVdRSko1ZmlhRi9uM3VqNEV0c2w1dExtbEg5MlZmRFZvU0I1UzJGa1d4WDJweGE3RHIKa2hwN3lsOTB3OWFDbjZSWGhhMksKLS0tLS1FTkQgQ0VSVElGSUNBVEUtLS0tLQo=",
                "password": "",
                "username": ""
              }
            ],
            "master_authorized_networks_config": [],
            "master_version": "1.14.10-gke.17",
            "min_master_version": null,
            "monitoring_service": "monitoring.googleapis.com/kubernetes",
            "name": "tf-gke-cluster",
            "network": "projects/bachelor-2020/global/networks/default",
            "network_policy": [
              {
                "enabled": false,
                "provider": "PROVIDER_UNSPECIFIED"
              }
            ],
            "node_config": [],
            "node_locations": [],
            "node_pool": [],
            "node_version": "1.14.10-gke.17",
            "operation": null,
            "pod_security_policy_config": [],
            "private_cluster_config": [],
            "project": "bachelor-2020",
            "region": null,
            "remove_default_node_pool": true,
            "resource_labels": {},
            "services_ipv4_cidr": "10.27.240.0/20",
            "subnetwork": "projects/bachelor-2020/regions/europe-west1/subnetworks/default",
            "timeouts": null,
            "vertical_pod_autoscaling": [],
            "zone": null
          },
          "private": "eyJlMmJmYjczMC1lY2FhLTExZTYtOGY4OC0zNDM2M2JjN2M0YzAiOnsiY3JlYXRlIjoyNDAwMDAwMDAwMDAwLCJkZWxldGUiOjI0MDAwMDAwMDAwMDAsInVwZGF0ZSI6MzYwMDAwMDAwMDAwMH0sInNjaGVtYV92ZXJzaW9uIjoiMSJ9"
        }
      ]
    }
  ]
}
